<?xml version="1.0" encoding="utf-8"?>
<Project ToolsVersion="4.0" xmlns="http://schemas.microsoft.com/developer/msbuild/2003">
  <ItemGroup>
    <Filter Include="Assets">
      <UniqueIdentifier>a8a37833-491c-4a06-833b-a220c3d96e2f</UniqueIdentifier>
      <Extensions>ico;cur;bmp;dds;dlg;fbx;rct;bin;rgs;gif;jpg;jpeg;jpe;resx;tga;tiff;tif;png;wav;mfcribbon-ms</Extensions>
    </Filter>
    <Filter Include="engine">
      <UniqueIdentifier>{98a9e69c-baa9-4c85-93f8-83af1d163ef0}</UniqueIdentifier>
    </Filter>
  </ItemGroup>
  <ItemGroup>
    <ClInclude Include="pch.h" />
    <ClInclude Include="Game.h" />
    <ClInclude Include="Camera.h">
      <Filter>engine</Filter>
    </ClInclude>
    <ClInclude Include="Graphics.h">
      <Filter>engine</Filter>
    </ClInclude>
    <ClInclude Include="Renderer.h">
      <Filter>engine</Filter>
    </ClInclude>
    <ClInclude Include="Debugger.h">
      <Filter>engine</Filter>
    </ClInclude>
    <ClInclude Include="CameraController.h">
      <Filter>engine</Filter>
    </ClInclude>
    <ClInclude Include="InputProxy.h">
      <Filter>engine</Filter>
    </ClInclude>
    <ClInclude Include="MeshManager.h">
      <Filter>engine</Filter>
    </ClInclude>
    <ClInclude Include="MeshGenerator.h">
      <Filter>engine</Filter>
    </ClInclude>
    <ClInclude Include="Mesh.h">
      <Filter>engine</Filter>
    </ClInclude>
    <ClInclude Include="GameTimer.h">
      <Filter>engine</Filter>
    </ClInclude>
  </ItemGroup>
  <ItemGroup>
    <ClCompile Include="pch.cpp" />
    <ClCompile Include="Game.cpp" />
    <ClCompile Include="Main.cpp" />
    <ClCompile Include="Camera.cpp">
      <Filter>engine</Filter>
    </ClCompile>
    <ClCompile Include="CameraController.cpp">
      <Filter>engine</Filter>
    </ClCompile>
    <ClCompile Include="InputProxy.cpp">
      <Filter>engine</Filter>
    </ClCompile>
    <ClCompile Include="MeshManager.cpp">
      <Filter>engine</Filter>
    </ClCompile>
    <ClCompile Include="MeshGenerator.cpp">
      <Filter>engine</Filter>
    </ClCompile>
    <ClCompile Include="Mesh.cpp">
      <Filter>engine</Filter>
    </ClCompile>
    <ClCompile Include="GameTimer.cpp">
      <Filter>engine</Filter>
    </ClCompile>
    <ClCompile Include="utilities.h">
      <Filter>engine</Filter>
    </ClCompile>
    <ClCompile Include="utilities.cpp">
      <Filter>engine</Filter>
    </ClCompile>
  </ItemGroup>
  <ItemGroup>
    <Manifest Include="settings.manifest">
      <Filter>Assets</Filter>
    </Manifest>
  </ItemGroup>
  <ItemGroup>
    <None Include="packages.config" />
    <None Include="Shaders.shader" />
  </ItemGroup>
  <ItemGroup>
    <Text Include="TODO-list.txt" />
  </ItemGroup>
</Project>